
Microsoft Visual Studio Solution File, Format Version 12.00
# Visual Studio Version 17
VisualStudioVersion = 17.2.32616.157
MinimumVisualStudioVersion = 10.0.40219.1
Project("{FAE04EC0-301F-11D3-BF4B-00C04F79EFBC}") = "CartesianCoordinateSystem", "CartesianCoordinateSystem\CartesianCoordinateSystem.csproj", "{57E51CC2-0E74-4A2A-B856-4D376342EE89}"
EndProject
Global
	GlobalSection(SolutionConfigurationPlatforms) = preSolution
		Debug|Any CPU = Debug|Any CPU
		Release|Any CPU = Release|Any CPU
	EndGlobalSection
	GlobalSection(ProjectConfigurationPlatforms) = postSolution
		{57E51CC2-0E74-4A2A-B856-4D376342EE89}.Debug|Any CPU.ActiveCfg = Debug|Any CPU
		{57E51CC2-0E74-4A2A-B856-4D376342EE89}.Debug|Any CPU.Build.0 = Debug|Any CPU
		{57E51CC2-0E74-4A2A-B856-4D376342EE89}.Release|Any CPU.ActiveCfg = Release|Any CPU
		{57E51CC2-0E74-4A2A-B856-4D376342EE89}.Release|Any CPU.Build.0 = Release|Any CPU
	EndGlobalSection
	GlobalSection(SolutionProperties) = preSolution
		HideSolutionNode = FALSE
	EndGlobalSection
	GlobalSection(ExtensibilityGlobals) = postSolution
		SolutionGuid = {42FD15F5-A0D7-41D9-AE46-4B8DC029223E}
	EndGlobalSection
EndGlobal
